# THIS IS AN AUTOGENERATED FILE. DO NOT EDIT THIS FILE DIRECTLY.
# yarn lockfile v1


"@flowjo-llc/fj-publisher@^2.0.0":
  version "2.0.0"
  resolved "http://art.hq.flowjo.com:8081/artifactory/api/npm/envoyls-packages/@flowjo-llc/fj-publisher/-/@flowjo-llc/fj-publisher-2.0.0.tgz#3208676eb645f0a0fc455fe3f3eaeff7ecb1420b"
  dependencies:
    semver "^5.5.0"

semver@^5.5.0:
  version "5.5.0"
  resolved "http://art.hq.flowjo.com:8081/artifactory/api/npm/envoyls-packages/semver/-/semver-5.5.0.tgz#dc4bbc7a6ca9d916dee5d43516f0092b58f7b8ab"
