{
	"name": "wrapper",
	"version": "1.0.2",
	"lockfileVersion": 1,
	"requires": true,
	"dependencies": {
		"@deomitrus/blessed": {
			"version": "0.2.0",
			"resolved": "http://art.hq.flowjo.com:8081/artifactory/api/npm/envoyls-packages/@deomitrus/blessed/-/blessed-0.2.0.tgz",
			"integrity": "sha1-UUL2IxvPCEw3WQTBdTycgAWM3as="
		},
		"@flowjo-llc/fj-publisher": {
			"version": "2.3.0",
			"resolved": "http://art.hq.flowjo.com:8081/artifactory/api/npm/envoyls-packages/@flowjo-llc/fj-publisher/-/@flowjo-llc/fj-publisher-2.3.0.tgz",
			"integrity": "sha1-2Kbz84Q2BWj9Gpa/LjFuQh7Fx2s=",
			"requires": {
				"semver": "^5.5.0"
			}
		},
		"backoff": {
			"version": "2.5.0",
			"resolved": "http://art.hq.flowjo.com:8081/artifactory/api/npm/envoyls-packages/backoff/-/backoff-2.5.0.tgz",
			"integrity": "sha1-9hbtqdPktmuMp/ynn2lXIsX44m8=",
			"requires": {
				"precond": "0.2"
			}
		},
		"burritos": {
			"version": "1.0.1",
			"resolved": "http://art.hq.flowjo.com:8081/artifactory/api/npm/envoyls-packages/burritos/-/burritos-1.0.1.tgz",
			"integrity": "sha1-zpCTJnoaHfODae69ARn3H3pr9zs="
		},
		"decurse": {
			"version": "1.13.1",
			"resolved": "http://art.hq.flowjo.com:8081/artifactory/api/npm/envoyls-packages/decurse/-/decurse-1.13.1.tgz",
			"integrity": "sha1-lKTgz3tr6ApZXAp9mvAobEQtrO8=",
			"requires": {
				"@deomitrus/blessed": "0.2.0",
				"fuse.js": "2.6.1",
				"pty.js": "0.3.1",
				"term.js": "0.0.7"
			}
		},
		"decurse-server": {
			"version": "1.10.2",
			"resolved": "http://art.hq.flowjo.com:8081/artifactory/api/npm/envoyls-packages/decurse-server/-/decurse-server-1.10.2.tgz",
			"integrity": "sha1-ldKVb1zVZwHQAZiXNbJWdLRBANE=",
			"requires": {
				"serber": "1.1.1"
			}
		},
		"extend": {
			"version": "1.2.1",
			"resolved": "http://art.hq.flowjo.com:8081/artifactory/api/npm/envoyls-packages/extend/-/extend-1.2.1.tgz",
			"integrity": "sha1-oPX9bPyDpf5J72mNYOyKYk3UV2w="
		},
		"fuse.js": {
			"version": "2.6.1",
			"resolved": "http://art.hq.flowjo.com:8081/artifactory/api/npm/envoyls-packages/fuse.js/-/fuse.js-2.6.1.tgz",
			"integrity": "sha1-0RjgD5qFn3s1TtT3dAIUJJ4ypXo="
		},
		"nan": {
			"version": "2.3.5",
			"resolved": "http://art.hq.flowjo.com:8081/artifactory/api/npm/envoyls-packages/nan/-/nan-2.3.5.tgz",
			"integrity": "sha1-gioNwmYpDOTNOhIoLKPn42Rmigg="
		},
		"precond": {
			"version": "0.2.3",
			"resolved": "http://art.hq.flowjo.com:8081/artifactory/api/npm/envoyls-packages/precond/-/precond-0.2.3.tgz",
			"integrity": "sha1-qpWRvKokkj8eD0hJ0kD0fvwQdaw="
		},
		"pty.js": {
			"version": "0.3.1",
			"resolved": "http://art.hq.flowjo.com:8081/artifactory/api/npm/envoyls-packages/pty.js/-/pty.js-0.3.1.tgz",
			"integrity": "sha1-gfW+0zLW5eeraFaI0boDc0ENUbU=",
			"requires": {
				"extend": "~1.2.1",
				"nan": "2.3.5"
			}
		},
		"rebres": {
			"version": "1.1.5",
			"resolved": "http://art.hq.flowjo.com:8081/artifactory/api/npm/envoyls-packages/rebres/-/rebres-1.1.5.tgz",
			"integrity": "sha1-fvgdTtSgbm/xXr7EdbMNPfq4GiU=",
			"requires": {
				"reconnect-core": "1.3.0",
				"split": "1.0.0"
			}
		},
		"reconnect-core": {
			"version": "1.3.0",
			"resolved": "http://art.hq.flowjo.com:8081/artifactory/api/npm/envoyls-packages/reconnect-core/-/reconnect-core-1.3.0.tgz",
			"integrity": "sha1-+65SkZp4d9hE4yRtAaLyZwHIM8g=",
			"requires": {
				"backoff": "~2.5.0"
			}
		},
		"semver": {
			"version": "5.5.0",
			"resolved": "http://art.hq.flowjo.com:8081/artifactory/api/npm/envoyls-packages/semver/-/semver-5.5.0.tgz",
			"integrity": "sha1-3Eu8emyp2Rbe5dQ1FvAJK1j3uKs="
		},
		"serber": {
			"version": "1.1.1",
			"resolved": "http://art.hq.flowjo.com:8081/artifactory/api/npm/envoyls-packages/serber/-/serber-1.1.1.tgz",
			"integrity": "sha1-uW5Rj/0zhljBeiYQG8A5uXbumaM=",
			"requires": {
				"split": "1.0.0"
			}
		},
		"split": {
			"version": "1.0.0",
			"resolved": "http://art.hq.flowjo.com:8081/artifactory/api/npm/envoyls-packages/split/-/split-1.0.0.tgz",
			"integrity": "sha1-xDlc5oOrzSVLwo/h2rtuXCfc/64=",
			"requires": {
				"through": "2"
			}
		},
		"tacos": {
			"version": "1.1.11",
			"resolved": "http://art.hq.flowjo.com:8081/artifactory/api/npm/envoyls-packages/tacos/-/tacos-1.1.11.tgz",
			"integrity": "sha1-+m2vtFxz6wfn3UUS3PA3wxsoYgQ=",
			"requires": {
				"decurse": "1.13.1",
				"decurse-server": "1.10.2",
				"rebres": "1.1.5",
				"tmux-io": "2.0.3"
			}
		},
		"term.js": {
			"version": "0.0.7",
			"resolved": "http://art.hq.flowjo.com:8081/artifactory/api/npm/envoyls-packages/term.js/-/term.js-0.0.7.tgz",
			"integrity": "sha1-Um8kz8Dy72+A9RfJ4n2ulHvIcxU="
		},
		"through": {
			"version": "2.3.8",
			"resolved": "http://art.hq.flowjo.com:8081/artifactory/api/npm/envoyls-packages/through/-/through-2.3.8.tgz",
			"integrity": "sha1-DdTJ/6q8NXlgsbckEV1+Doai4fU="
		},
		"tmux-io": {
			"version": "2.0.3",
			"resolved": "http://art.hq.flowjo.com:8081/artifactory/api/npm/envoyls-packages/tmux-io/-/tmux-io-2.0.3.tgz",
			"integrity": "sha1-/jNVyD0+r2TWJVt3xifQ8fz8zjs=",
			"requires": {
				"serber": "1.1.1",
				"split": "1.0.0"
			}
		}
	}
}
