# THIS IS AN AUTOGENERATED FILE. DO NOT EDIT THIS FILE DIRECTLY.
# yarn lockfile v1


"@deomitrus/blessed@0.2.0":
  version "0.2.0"
  resolved "http://art.hq.flowjo.com:8081/artifactory/api/npm/envoyls-packages/@deomitrus/blessed/-/blessed-0.2.0.tgz#5142f6231bcf084c375904c1753c9c80058cddab"

"@flowjo-llc/fj-publisher@^2.3.0":
  version "2.3.0"
  resolved "http://art.hq.flowjo.com:8081/artifactory/api/npm/envoyls-packages/@flowjo-llc/fj-publisher/-/@flowjo-llc/fj-publisher-2.3.0.tgz#d8a6f3f384360568fd1a96bf2e316e421ec5c76b"
  dependencies:
    semver "^5.5.0"

backoff@~2.5.0:
  version "2.5.0"
  resolved "http://art.hq.flowjo.com:8081/artifactory/api/npm/envoyls-packages/backoff/-/backoff-2.5.0.tgz#f616eda9d3e4b66b8ca7fca79f695722c5f8e26f"
  dependencies:
    precond "0.2"

burritos@^1.0.0:
  version "1.0.1"
  resolved "http://art.hq.flowjo.com:8081/artifactory/api/npm/envoyls-packages/burritos/-/burritos-1.0.1.tgz#ce9093267a1a1df38369eebd0119f71f7a6bf73b"

decurse-server@1.10.2:
  version "1.10.2"
  resolved "http://art.hq.flowjo.com:8081/artifactory/api/npm/envoyls-packages/decurse-server/-/decurse-server-1.10.2.tgz#95d2956f5cd56701d001989735b25674b44100d1"
  dependencies:
    serber "1.1.1"

decurse@1.13.1:
  version "1.13.1"
  resolved "http://art.hq.flowjo.com:8081/artifactory/api/npm/envoyls-packages/decurse/-/decurse-1.13.1.tgz#94a4e0cf7b6be80a595c0a7d9af0286c442dacef"
  dependencies:
    "@deomitrus/blessed" "0.2.0"
    fuse.js "2.6.1"
    pty.js "0.3.1"
    term.js "0.0.7"

extend@~1.2.1:
  version "1.2.1"
  resolved "http://art.hq.flowjo.com:8081/artifactory/api/npm/envoyls-packages/extend/-/extend-1.2.1.tgz#a0f5fd6cfc83a5fe49ef698d60ec8a624dd4576c"

fuse.js@2.6.1:
  version "2.6.1"
  resolved "http://art.hq.flowjo.com:8081/artifactory/api/npm/envoyls-packages/fuse.js/-/fuse.js-2.6.1.tgz#d118e00f9a859f7b354ed4f7740214249e32a57a"

nan@2.3.5:
  version "2.3.5"
  resolved "http://art.hq.flowjo.com:8081/artifactory/api/npm/envoyls-packages/nan/-/nan-2.3.5.tgz#822a0dc266290ce4cd3a12282ca3e7e364668a08"

precond@0.2:
  version "0.2.3"
  resolved "http://art.hq.flowjo.com:8081/artifactory/api/npm/envoyls-packages/precond/-/precond-0.2.3.tgz#aa9591bcaa24923f1e0f4849d240f47efc1075ac"

pty.js@0.3.1:
  version "0.3.1"
  resolved "http://art.hq.flowjo.com:8081/artifactory/api/npm/envoyls-packages/pty.js/-/pty.js-0.3.1.tgz#81f5bed332d6e5e7ab685688d1ba0373410d51b5"
  dependencies:
    extend "~1.2.1"
    nan "2.3.5"

rebres@1.1.5:
  version "1.1.5"
  resolved "http://art.hq.flowjo.com:8081/artifactory/api/npm/envoyls-packages/rebres/-/rebres-1.1.5.tgz#7ef81d4ed4a06e6ff15ebec475b30d3dfab81a25"
  dependencies:
    reconnect-core "1.3.0"
    split "1.0.0"

reconnect-core@1.3.0:
  version "1.3.0"
  resolved "http://art.hq.flowjo.com:8081/artifactory/api/npm/envoyls-packages/reconnect-core/-/reconnect-core-1.3.0.tgz#fbae52919a7877d844e3246d01a2f26701c833c8"
  dependencies:
    backoff "~2.5.0"

semver@^5.5.0:
  version "5.5.0"
  resolved "http://art.hq.flowjo.com:8081/artifactory/api/npm/envoyls-packages/semver/-/semver-5.5.0.tgz#dc4bbc7a6ca9d916dee5d43516f0092b58f7b8ab"

serber@1.1.1:
  version "1.1.1"
  resolved "http://art.hq.flowjo.com:8081/artifactory/api/npm/envoyls-packages/serber/-/serber-1.1.1.tgz#b96e518ffd338658c17a26101bc039b976ee99a3"
  dependencies:
    split "1.0.0"

split@1.0.0:
  version "1.0.0"
  resolved "http://art.hq.flowjo.com:8081/artifactory/api/npm/envoyls-packages/split/-/split-1.0.0.tgz#c4395ce683abcd254bc28fe1dabb6e5c27dcffae"
  dependencies:
    through "2"

tacos@^1.0.2:
  version "1.1.11"
  resolved "http://art.hq.flowjo.com:8081/artifactory/api/npm/envoyls-packages/tacos/-/tacos-1.1.11.tgz#fa6dafb45c73eb07e7dd4512dcf037c31b286204"
  dependencies:
    decurse "1.13.1"
    decurse-server "1.10.2"
    rebres "1.1.5"
    tmux-io "2.0.3"

term.js@0.0.7:
  version "0.0.7"
  resolved "http://art.hq.flowjo.com:8081/artifactory/api/npm/envoyls-packages/term.js/-/term.js-0.0.7.tgz#526f24cfc0f2ef6f80f517c9e27dae947bc87315"

through@2:
  version "2.3.8"
  resolved "http://art.hq.flowjo.com:8081/artifactory/api/npm/envoyls-packages/through/-/through-2.3.8.tgz#0dd4c9ffaabc357960b1b724115d7e0e86a2e1f5"

tmux-io@2.0.3:
  version "2.0.3"
  resolved "http://art.hq.flowjo.com:8081/artifactory/api/npm/envoyls-packages/tmux-io/-/tmux-io-2.0.3.tgz#fe3355c83d3eaf64d6255b77c627d0f1fcfcce3b"
  dependencies:
    serber "1.1.1"
    split "1.0.0"

tortas@^1.0.1:
  version "1.0.1"
  resolved "http://art.hq.flowjo.com:8081/artifactory/api/npm/envoyls-packages/tortas/-/tortas-1.0.1.tgz#dc9c2b49ee104d998fb774f0ddb2d853923c05ab"
