{
	"name": "tortas",
	"version": "1.0.1",
	"lockfileVersion": 1,
	"requires": true,
	"dependencies": {
		"@flowjo-llc/fj-publisher": {
			"version": "2.3.0",
			"resolved": "http://art.hq.flowjo.com:8081/artifactory/api/npm/envoyls-packages/@flowjo-llc/fj-publisher/-/@flowjo-llc/fj-publisher-2.3.0.tgz",
			"integrity": "sha1-2Kbz84Q2BWj9Gpa/LjFuQh7Fx2s=",
			"requires": {
				"semver": "^5.5.0"
			}
		},
		"semver": {
			"version": "5.5.0",
			"resolved": "http://art.hq.flowjo.com:8081/artifactory/api/npm/envoyls-packages/semver/-/semver-5.5.0.tgz",
			"integrity": "sha1-3Eu8emyp2Rbe5dQ1FvAJK1j3uKs="
		}
	}
}
